{
  "version": 4,
  "terraform_version": "1.5.0",
  "serial": 42,
  "lineage": "e2e-test",
  "outputs": {},
  "resources": [
    {
      "mode": "managed",
      "type": "aws_instance",
      "name": "test_instance",
      "provider": "provider[\"registry.terraform.io/hashicorp/aws\"]",
      "instances": [
        {
          "schema_version": 1,
          "attributes": {
            "id": "i-0123456789abcdef0",
            "instance_type": "t2.micro",
            "ami": "ami-0c55b159cbfafe1f0",
            "key_name": "test-key",
            "security_groups": [
              "sg-0123456789abcdef0"
            ],
            "subnet_id": "subnet-0123456789abcdef0",
            "vpc_security_group_ids": [
              "sg-0123456789abcdef0"
            ],
            "private_ip": "10.0.1.100",
            "public_ip": "203.0.113.42",
            "associate_public_ip_address": true,
            "disable_api_termination": false,
            "ebs_optimized": false,
            "monitoring": false,
            "tags": {
              "Name": "driftwire-test-instance",
              "Environment": "test"
            }
          }
        }
      ]
    },
    {
      "mode": "managed",
      "type": "aws_security_group",
      "name": "test_sg",
      "provider": "provider[\"registry.terraform.io/hashicorp/aws\"]",
      "instances": [
        {
          "schema_version": 1,
          "attributes": {
            "id": "sg-0123456789abcdef0",
            "name": "driftwire-test-sg",
            "description": "Test security group for E2E testing",
            "vpc_id": "vpc-0123456789abcdef0",
            "ingress": [
              {
                "from_port": 22,
                "to_port": 22,
                "protocol": "tcp",
                "cidr_blocks": [
                  "10.0.0.0/8"
                ],
                "ipv6_cidr_blocks": [],
                "prefix_list_ids": [],
                "security_groups": [],
                "self": false
              },
              {
                "from_port": 80,
                "to_port": 80,
                "protocol": "tcp",
                "cidr_blocks": [
                  "0.0.0.0/0"
                ],
                "ipv6_cidr_blocks": [],
                "prefix_list_ids": [],
                "security_groups": [],
                "self": false
              }
            ],
            "egress": [
              {
                "from_port": 0,
                "to_port": 0,
                "protocol": "-1",
                "cidr_blocks": [
                  "0.0.0.0/0"
                ],
                "ipv6_cidr_blocks": [],
                "prefix_list_ids": [],
                "security_groups": [],
                "self": false
              }
            ],
            "tags": {
              "Name": "driftwire-test-sg",
              "Environment": "test"
            }
          }
        }
      ]
    },
    {
      "mode": "managed",
      "type": "aws_s3_bucket",
      "name": "test_bucket",
      "provider": "provider[\"registry.terraform.io/hashicorp/aws\"]",
      "instances": [
        {
          "schema_version": 0,
          "attributes": {
            "id": "my-test-bucket",
            "bucket": "my-test-bucket",
            "acl": "private",
            "force_destroy": false,
            "tags": {
              "Name": "driftwire-test-bucket",
              "Environment": "test"
            },
            "versioning": {
              "enabled": false,
              "mfa_delete": false
            },
            "server_side_encryption_configuration": [],
            "lifecycle_rule": []
          }
        }
      ]
    }
  ]
}
